
Microsoft Visual Studio Solution File, Format Version 12.00
# Visual Studio Version 17
VisualStudioVersion = 17.1.32414.318
MinimumVisualStudioVersion = 10.0.40219.1
Project("{9A19103F-16F7-4668-BE54-9A1E7A4F7556}") = "VisualStudioSolutionSecrets-Sample", "VisualStudioSolutionSecrets-Sample.csproj", "{8E1A22C6-4927-4815-8CDB-BB47761EADF9}"
EndProject
Global
	GlobalSection(SolutionConfigurationPlatforms) = preSolution
		Debug|Any CPU = Debug|Any CPU
		Release|Any CPU = Release|Any CPU
	EndGlobalSection
	GlobalSection(ProjectConfigurationPlatforms) = postSolution
		{8E1A22C6-4927-4815-8CDB-BB47761EADF9}.Debug|Any CPU.ActiveCfg = Debug|Any CPU
		{8E1A22C6-4927-4815-8CDB-BB47761EADF9}.Debug|Any CPU.Build.0 = Debug|Any CPU
		{8E1A22C6-4927-4815-8CDB-BB47761EADF9}.Release|Any CPU.ActiveCfg = Release|Any CPU
		{8E1A22C6-4927-4815-8CDB-BB47761EADF9}.Release|Any CPU.Build.0 = Release|Any CPU
	EndGlobalSection
	GlobalSection(SolutionProperties) = preSolution
		HideSolutionNode = FALSE
	EndGlobalSection
	GlobalSection(ExtensibilityGlobals) = postSolution
		SolutionGuid = {39D4ACB0-9100-471A-BACA-3601802EE544}
	EndGlobalSection
EndGlobal
